// !$*UTF8*$!
{
	archiveVersion = 1;
	classes = {
	};
	objectVersion = 56;
	objects = {

/* Begin PBXBuildFile section */
		E35232B628C28373008DB14B /* SegmentedControlView.swift in Sources */ = {isa = PBXBuildFile; fileRef = E35232B528C28373008DB14B /* SegmentedControlView.swift */; };
		E35232B828C2948D008DB14B /* EditView.swift in Sources */ = {isa = PBXBuildFile; fileRef = E35232B728C2948D008DB14B /* EditView.swift */; };
		E35232BA28C376B7008DB14B /* ZoomableScrollView.swift in Sources */ = {isa = PBXBuildFile; fileRef = E35232B928C376B7008DB14B /* ZoomableScrollView.swift */; };
		E35232C028C38B6F008DB14B /* swiftlint.yml in Resources */ = {isa = PBXBuildFile; fileRef = E35232BF28C38B6F008DB14B /* swiftlint.yml */; };
		E35232C428C396A9008DB14B /* GoogleService-Info.plist in Resources */ = {isa = PBXBuildFile; fileRef = E35232C328C396A9008DB14B /* GoogleService-Info.plist */; };
		E35232C728C3974C008DB14B /* FirebaseAnalyticsSwift in Frameworks */ = {isa = PBXBuildFile; productRef = E35232C628C3974C008DB14B /* FirebaseAnalyticsSwift */; };
		E35232C928C3974C008DB14B /* FirebaseAppCheck in Frameworks */ = {isa = PBXBuildFile; productRef = E35232C828C3974C008DB14B /* FirebaseAppCheck */; };
		E35232CB28C3974C008DB14B /* FirebaseAppDistribution-Beta in Frameworks */ = {isa = PBXBuildFile; productRef = E35232CA28C3974C008DB14B /* FirebaseAppDistribution-Beta */; };
		E35232CD28C3974C008DB14B /* FirebaseAuth in Frameworks */ = {isa = PBXBuildFile; productRef = E35232CC28C3974C008DB14B /* FirebaseAuth */; };
		E35232CF28C3974C008DB14B /* FirebaseAuthCombine-Community in Frameworks */ = {isa = PBXBuildFile; productRef = E35232CE28C3974C008DB14B /* FirebaseAuthCombine-Community */; };
		E35232D128C3974C008DB14B /* FirebaseCrashlytics in Frameworks */ = {isa = PBXBuildFile; productRef = E35232D028C3974C008DB14B /* FirebaseCrashlytics */; };
		E35232D328C3974C008DB14B /* FirebasePerformance in Frameworks */ = {isa = PBXBuildFile; productRef = E35232D228C3974C008DB14B /* FirebasePerformance */; };
		E35232D728C3BCEA008DB14B /* ImageMaskingView.swift in Sources */ = {isa = PBXBuildFile; fileRef = E35232D628C3BCEA008DB14B /* ImageMaskingView.swift */; };
		E35232D928C4A451008DB14B /* NavigationStore.swift in Sources */ = {isa = PBXBuildFile; fileRef = E35232D828C4A451008DB14B /* NavigationStore.swift */; };
		E35232DC28C4A4C6008DB14B /* Route.swift in Sources */ = {isa = PBXBuildFile; fileRef = E35232DB28C4A4C6008DB14B /* Route.swift */; };
		E35232DF28C4A691008DB14B /* GestureMaskShape.swift in Sources */ = {isa = PBXBuildFile; fileRef = E35232DE28C4A691008DB14B /* GestureMaskShape.swift */; };
		E35232E228C4A81B008DB14B /* SplashscreenContentView.swift in Sources */ = {isa = PBXBuildFile; fileRef = E35232E128C4A81B008DB14B /* SplashscreenContentView.swift */; };
		E35232E828C4AB7D008DB14B /* EditorStore.swift in Sources */ = {isa = PBXBuildFile; fileRef = E35232E728C4AB7D008DB14B /* EditorStore.swift */; };
		E35232EC28C4ACBF008DB14B /* PointsSegment.swift in Sources */ = {isa = PBXBuildFile; fileRef = E35232EB28C4ACBF008DB14B /* PointsSegment.swift */; };
		E35232EF28C4AF4D008DB14B /* PointsSegment_Array+Extras.swift in Sources */ = {isa = PBXBuildFile; fileRef = E35232EE28C4AF4D008DB14B /* PointsSegment_Array+Extras.swift */; };
		E35232F128C4B066008DB14B /* ImageState.swift in Sources */ = {isa = PBXBuildFile; fileRef = E35232F028C4B066008DB14B /* ImageState.swift */; };
		E35232F728C4B87A008DB14B /* SegmentConfiguration.swift in Sources */ = {isa = PBXBuildFile; fileRef = E35232F628C4B87A008DB14B /* SegmentConfiguration.swift */; };
		E35232F928C4BF23008DB14B /* Data+Extras.swift in Sources */ = {isa = PBXBuildFile; fileRef = E35232F828C4BF23008DB14B /* Data+Extras.swift */; };
		E35232FB28C4BFB5008DB14B /* CGImage+Extras.swift in Sources */ = {isa = PBXBuildFile; fileRef = E35232FA28C4BFB5008DB14B /* CGImage+Extras.swift */; };
		E35232FD28C4C091008DB14B /* ImagePixelConstants.swift in Sources */ = {isa = PBXBuildFile; fileRef = E35232FC28C4C091008DB14B /* ImagePixelConstants.swift */; };
		E35232FF28C4C0B3008DB14B /* CGContext+Extras.swift in Sources */ = {isa = PBXBuildFile; fileRef = E35232FE28C4C0B3008DB14B /* CGContext+Extras.swift */; };
		E37DFBB528BEAD3A0060AEBF /* shapes.riv in Resources */ = {isa = PBXBuildFile; fileRef = E37DFBB428BEAD3A0060AEBF /* shapes.riv */; };
		E3B5306D28BEA76F00F33E07 /* ImageEraserApp.swift in Sources */ = {isa = PBXBuildFile; fileRef = E3B5306C28BEA76F00F33E07 /* ImageEraserApp.swift */; };
		E3B5306F28BEA76F00F33E07 /* ContentView.swift in Sources */ = {isa = PBXBuildFile; fileRef = E3B5306E28BEA76F00F33E07 /* ContentView.swift */; };
		E3B5307128BEA77100F33E07 /* Assets.xcassets in Resources */ = {isa = PBXBuildFile; fileRef = E3B5307028BEA77100F33E07 /* Assets.xcassets */; };
		E3B5307428BEA77100F33E07 /* Preview Assets.xcassets in Resources */ = {isa = PBXBuildFile; fileRef = E3B5307328BEA77100F33E07 /* Preview Assets.xcassets */; };
		E3B5307C28BEAAE200F33E07 /* RiveRuntime in Frameworks */ = {isa = PBXBuildFile; productRef = E3B5307B28BEAAE200F33E07 /* RiveRuntime */; };
		E3B5308028BEAB1100F33E07 /* button.riv in Resources */ = {isa = PBXBuildFile; fileRef = E3B5307F28BEAB1100F33E07 /* button.riv */; };
/* End PBXBuildFile section */

/* Begin PBXFileReference section */
		E35232B528C28373008DB14B /* SegmentedControlView.swift */ = {isa = PBXFileReference; lastKnownFileType = sourcecode.swift; path = SegmentedControlView.swift; sourceTree = "<group>"; };
		E35232B728C2948D008DB14B /* EditView.swift */ = {isa = PBXFileReference; lastKnownFileType = sourcecode.swift; path = EditView.swift; sourceTree = "<group>"; };
		E35232B928C376B7008DB14B /* ZoomableScrollView.swift */ = {isa = PBXFileReference; lastKnownFileType = sourcecode.swift; path = ZoomableScrollView.swift; sourceTree = "<group>"; };
		E35232BF28C38B6F008DB14B /* swiftlint.yml */ = {isa = PBXFileReference; lastKnownFileType = text.yaml; path = swiftlint.yml; sourceTree = "<group>"; };
		E35232C328C396A9008DB14B /* GoogleService-Info.plist */ = {isa = PBXFileReference; fileEncoding = 4; lastKnownFileType = text.plist.xml; path = "GoogleService-Info.plist"; sourceTree = "<group>"; };
		E35232D628C3BCEA008DB14B /* ImageMaskingView.swift */ = {isa = PBXFileReference; lastKnownFileType = sourcecode.swift; path = ImageMaskingView.swift; sourceTree = "<group>"; };
		E35232D828C4A451008DB14B /* NavigationStore.swift */ = {isa = PBXFileReference; lastKnownFileType = sourcecode.swift; path = NavigationStore.swift; sourceTree = "<group>"; };
		E35232DB28C4A4C6008DB14B /* Route.swift */ = {isa = PBXFileReference; lastKnownFileType = sourcecode.swift; path = Route.swift; sourceTree = "<group>"; };
		E35232DE28C4A691008DB14B /* GestureMaskShape.swift */ = {isa = PBXFileReference; lastKnownFileType = sourcecode.swift; path = GestureMaskShape.swift; sourceTree = "<group>"; };
		E35232E128C4A81B008DB14B /* SplashscreenContentView.swift */ = {isa = PBXFileReference; lastKnownFileType = sourcecode.swift; path = SplashscreenContentView.swift; sourceTree = "<group>"; };
		E35232E728C4AB7D008DB14B /* EditorStore.swift */ = {isa = PBXFileReference; lastKnownFileType = sourcecode.swift; path = EditorStore.swift; sourceTree = "<group>"; };
		E35232EB28C4ACBF008DB14B /* PointsSegment.swift */ = {isa = PBXFileReference; lastKnownFileType = sourcecode.swift; path = PointsSegment.swift; sourceTree = "<group>"; };
		E35232EE28C4AF4D008DB14B /* PointsSegment_Array+Extras.swift */ = {isa = PBXFileReference; lastKnownFileType = sourcecode.swift; path = "PointsSegment_Array+Extras.swift"; sourceTree = "<group>"; };
		E35232F028C4B066008DB14B /* ImageState.swift */ = {isa = PBXFileReference; lastKnownFileType = sourcecode.swift; path = ImageState.swift; sourceTree = "<group>"; };
		E35232F628C4B87A008DB14B /* SegmentConfiguration.swift */ = {isa = PBXFileReference; lastKnownFileType = sourcecode.swift; path = SegmentConfiguration.swift; sourceTree = "<group>"; };
		E35232F828C4BF23008DB14B /* Data+Extras.swift */ = {isa = PBXFileReference; lastKnownFileType = sourcecode.swift; path = "Data+Extras.swift"; sourceTree = "<group>"; };
		E35232FA28C4BFB5008DB14B /* CGImage+Extras.swift */ = {isa = PBXFileReference; lastKnownFileType = sourcecode.swift; path = "CGImage+Extras.swift"; sourceTree = "<group>"; };
		E35232FC28C4C091008DB14B /* ImagePixelConstants.swift */ = {isa = PBXFileReference; lastKnownFileType = sourcecode.swift; path = ImagePixelConstants.swift; sourceTree = "<group>"; };
		E35232FE28C4C0B3008DB14B /* CGContext+Extras.swift */ = {isa = PBXFileReference; lastKnownFileType = sourcecode.swift; path = "CGContext+Extras.swift"; sourceTree = "<group>"; };
		E37DFBB428BEAD3A0060AEBF /* shapes.riv */ = {isa = PBXFileReference; lastKnownFileType = file; path = shapes.riv; sourceTree = "<group>"; };
		E3B5306928BEA76F00F33E07 /* ImageEraser.app */ = {isa = PBXFileReference; explicitFileType = wrapper.application; includeInIndex = 0; path = ImageEraser.app; sourceTree = BUILT_PRODUCTS_DIR; };
		E3B5306C28BEA76F00F33E07 /* ImageEraserApp.swift */ = {isa = PBXFileReference; lastKnownFileType = sourcecode.swift; path = ImageEraserApp.swift; sourceTree = "<group>"; };
		E3B5306E28BEA76F00F33E07 /* ContentView.swift */ = {isa = PBXFileReference; lastKnownFileType = sourcecode.swift; path = ContentView.swift; sourceTree = "<group>"; };
		E3B5307028BEA77100F33E07 /* Assets.xcassets */ = {isa = PBXFileReference; lastKnownFileType = folder.assetcatalog; path = Assets.xcassets; sourceTree = "<group>"; };
		E3B5307328BEA77100F33E07 /* Preview Assets.xcassets */ = {isa = PBXFileReference; lastKnownFileType = folder.assetcatalog; path = "Preview Assets.xcassets"; sourceTree = "<group>"; };
		E3B5307F28BEAB1100F33E07 /* button.riv */ = {isa = PBXFileReference; lastKnownFileType = file; path = button.riv; sourceTree = "<group>"; };
/* End PBXFileReference section */

/* Begin PBXFrameworksBuildPhase section */
		E3B5306628BEA76F00F33E07 /* Frameworks */ = {
			isa = PBXFrameworksBuildPhase;
			buildActionMask = 2147483647;
			files = (
				E35232C728C3974C008DB14B /* FirebaseAnalyticsSwift in Frameworks */,
				E35232CF28C3974C008DB14B /* FirebaseAuthCombine-Community in Frameworks */,
				E35232CD28C3974C008DB14B /* FirebaseAuth in Frameworks */,
				E35232D128C3974C008DB14B /* FirebaseCrashlytics in Frameworks */,
				E35232C928C3974C008DB14B /* FirebaseAppCheck in Frameworks */,
				E3B5307C28BEAAE200F33E07 /* RiveRuntime in Frameworks */,
				E35232D328C3974C008DB14B /* FirebasePerformance in Frameworks */,
				E35232CB28C3974C008DB14B /* FirebaseAppDistribution-Beta in Frameworks */,
			);
			runOnlyForDeploymentPostprocessing = 0;
		};
/* End PBXFrameworksBuildPhase section */

/* Begin PBXGroup section */
		E35232C228C3906F008DB14B /* Views */ = {
			isa = PBXGroup;
			children = (
				E35232E428C4A91A008DB14B /* EditingImage */,
				E35232E328C4A900008DB14B /* Landing */,
				E3B5306C28BEA76F00F33E07 /* ImageEraserApp.swift */,
			);
			path = Views;
			sourceTree = "<group>";
		};
		E35232DA28C4A4B4008DB14B /* Model */ = {
			isa = PBXGroup;
			children = (
				E35232DB28C4A4C6008DB14B /* Route.swift */,
				E35232EB28C4ACBF008DB14B /* PointsSegment.swift */,
				E35232F028C4B066008DB14B /* ImageState.swift */,
				E35232F628C4B87A008DB14B /* SegmentConfiguration.swift */,
				E35232FC28C4C091008DB14B /* ImagePixelConstants.swift */,
			);
			path = Model;
			sourceTree = "<group>";
		};
		E35232DD28C4A688008DB14B /* Shapes */ = {
			isa = PBXGroup;
			children = (
				E35232DE28C4A691008DB14B /* GestureMaskShape.swift */,
			);
			path = Shapes;
			sourceTree = "<group>";
		};
		E35232E028C4A707008DB14B /* Resources */ = {
			isa = PBXGroup;
			children = (
				E35232C328C396A9008DB14B /* GoogleService-Info.plist */,
				E3B5307E28BEAAF700F33E07 /* RiveAssets */,
				E3B5307028BEA77100F33E07 /* Assets.xcassets */,
			);
			path = Resources;
			sourceTree = "<group>";
		};
		E35232E328C4A900008DB14B /* Landing */ = {
			isa = PBXGroup;
			children = (
				E3B5306E28BEA76F00F33E07 /* ContentView.swift */,
				E35232E128C4A81B008DB14B /* SplashscreenContentView.swift */,
			);
			path = Landing;
			sourceTree = "<group>";
		};
		E35232E428C4A91A008DB14B /* EditingImage */ = {
			isa = PBXGroup;
			children = (
				E35232B528C28373008DB14B /* SegmentedControlView.swift */,
				E35232B928C376B7008DB14B /* ZoomableScrollView.swift */,
				E35232B728C2948D008DB14B /* EditView.swift */,
				E35232D628C3BCEA008DB14B /* ImageMaskingView.swift */,
			);
			path = EditingImage;
			sourceTree = "<group>";
		};
		E35232E528C4AA0F008DB14B /* Store */ = {
			isa = PBXGroup;
			children = (
				E35232D828C4A451008DB14B /* NavigationStore.swift */,
				E35232E728C4AB7D008DB14B /* EditorStore.swift */,
			);
			path = Store;
			sourceTree = "<group>";
		};
		E35232E928C4ABBF008DB14B /* Extensions */ = {
			isa = PBXGroup;
			children = (
				E35232ED28C4AF3E008DB14B /* Array */,
				E35232F828C4BF23008DB14B /* Data+Extras.swift */,
				E35232FA28C4BFB5008DB14B /* CGImage+Extras.swift */,
				E35232FE28C4C0B3008DB14B /* CGContext+Extras.swift */,
			);
			path = Extensions;
			sourceTree = "<group>";
		};
		E35232ED28C4AF3E008DB14B /* Array */ = {
			isa = PBXGroup;
			children = (
				E35232EE28C4AF4D008DB14B /* PointsSegment_Array+Extras.swift */,
			);
			path = Array;
			sourceTree = "<group>";
		};
		E35232F528C4B79C008DB14B /* Dependencies */ = {
			isa = PBXGroup;
			children = (
			);
			path = Dependencies;
			sourceTree = "<group>";
		};
		E3B5306028BEA76F00F33E07 = {
			isa = PBXGroup;
			children = (
				E35232BF28C38B6F008DB14B /* swiftlint.yml */,
				E3B5306B28BEA76F00F33E07 /* ImageEraser */,
				E3B5306A28BEA76F00F33E07 /* Products */,
			);
			sourceTree = "<group>";
		};
		E3B5306A28BEA76F00F33E07 /* Products */ = {
			isa = PBXGroup;
			children = (
				E3B5306928BEA76F00F33E07 /* ImageEraser.app */,
			);
			name = Products;
			sourceTree = "<group>";
		};
		E3B5306B28BEA76F00F33E07 /* ImageEraser */ = {
			isa = PBXGroup;
			children = (
				E35232F528C4B79C008DB14B /* Dependencies */,
				E35232E928C4ABBF008DB14B /* Extensions */,
				E35232E528C4AA0F008DB14B /* Store */,
				E35232E028C4A707008DB14B /* Resources */,
				E35232DD28C4A688008DB14B /* Shapes */,
				E35232DA28C4A4B4008DB14B /* Model */,
				E3B5307228BEA77100F33E07 /* Preview Content */,
				E35232C228C3906F008DB14B /* Views */,
			);
			path = ImageEraser;
			sourceTree = "<group>";
		};
		E3B5307228BEA77100F33E07 /* Preview Content */ = {
			isa = PBXGroup;
			children = (
				E3B5307328BEA77100F33E07 /* Preview Assets.xcassets */,
			);
			path = "Preview Content";
			sourceTree = "<group>";
		};
		E3B5307E28BEAAF700F33E07 /* RiveAssets */ = {
			isa = PBXGroup;
			children = (
				E37DFBB428BEAD3A0060AEBF /* shapes.riv */,
				E3B5307F28BEAB1100F33E07 /* button.riv */,
			);
			path = RiveAssets;
			sourceTree = "<group>";
		};
/* End PBXGroup section */

/* Begin PBXNativeTarget section */
		E3B5306828BEA76F00F33E07 /* ImageEraser */ = {
			isa = PBXNativeTarget;
			buildConfigurationList = E3B5307728BEA77100F33E07 /* Build configuration list for PBXNativeTarget "ImageEraser" */;
			buildPhases = (
				E35232BB28C389DC008DB14B /* ShellScript */,
				E3B5306528BEA76F00F33E07 /* Sources */,
				E3B5306628BEA76F00F33E07 /* Frameworks */,
				E3B5306728BEA76F00F33E07 /* Resources */,
			);
			buildRules = (
			);
			dependencies = (
			);
			name = ImageEraser;
			packageProductDependencies = (
				E3B5307B28BEAAE200F33E07 /* RiveRuntime */,
				E35232C628C3974C008DB14B /* FirebaseAnalyticsSwift */,
				E35232C828C3974C008DB14B /* FirebaseAppCheck */,
				E35232CA28C3974C008DB14B /* FirebaseAppDistribution-Beta */,
				E35232CC28C3974C008DB14B /* FirebaseAuth */,
				E35232CE28C3974C008DB14B /* FirebaseAuthCombine-Community */,
				E35232D028C3974C008DB14B /* FirebaseCrashlytics */,
				E35232D228C3974C008DB14B /* FirebasePerformance */,
			);
			productName = ImageEraser;
			productReference = E3B5306928BEA76F00F33E07 /* ImageEraser.app */;
			productType = "com.apple.product-type.application";
		};
/* End PBXNativeTarget section */

/* Begin PBXProject section */
		E3B5306128BEA76F00F33E07 /* Project object */ = {
			isa = PBXProject;
			attributes = {
				BuildIndependentTargetsInParallel = 1;
				LastSwiftUpdateCheck = 1400;
				LastUpgradeCheck = 1400;
				TargetAttributes = {
					E3B5306828BEA76F00F33E07 = {
						CreatedOnToolsVersion = 14.0;
					};
				};
			};
			buildConfigurationList = E3B5306428BEA76F00F33E07 /* Build configuration list for PBXProject "ImageEraser" */;
			compatibilityVersion = "Xcode 14.0";
			developmentRegion = en;
			hasScannedForEncodings = 0;
			knownRegions = (
				en,
				Base,
			);
			mainGroup = E3B5306028BEA76F00F33E07;
			packageReferences = (
				E3B5307A28BEAAE200F33E07 /* XCRemoteSwiftPackageReference "rive-ios" */,
				E35232C528C3974C008DB14B /* XCRemoteSwiftPackageReference "firebase-ios-sdk" */,
			);
			productRefGroup = E3B5306A28BEA76F00F33E07 /* Products */;
			projectDirPath = "";
			projectRoot = "";
			targets = (
				E3B5306828BEA76F00F33E07 /* ImageEraser */,
			);
		};
/* End PBXProject section */

/* Begin PBXResourcesBuildPhase section */
		E3B5306728BEA76F00F33E07 /* Resources */ = {
			isa = PBXResourcesBuildPhase;
			buildActionMask = 2147483647;
			files = (
				E3B5308028BEAB1100F33E07 /* button.riv in Resources */,
				E35232C028C38B6F008DB14B /* swiftlint.yml in Resources */,
				E35232C428C396A9008DB14B /* GoogleService-Info.plist in Resources */,
				E37DFBB528BEAD3A0060AEBF /* shapes.riv in Resources */,
				E3B5307428BEA77100F33E07 /* Preview Assets.xcassets in Resources */,
				E3B5307128BEA77100F33E07 /* Assets.xcassets in Resources */,
			);
			runOnlyForDeploymentPostprocessing = 0;
		};
/* End PBXResourcesBuildPhase section */

/* Begin PBXShellScriptBuildPhase section */
		E35232BB28C389DC008DB14B /* ShellScript */ = {
			isa = PBXShellScriptBuildPhase;
			alwaysOutOfDate = 1;
			buildActionMask = 2147483647;
			files = (
			);
			inputFileListPaths = (
			);
			inputPaths = (
			);
			outputFileListPaths = (
			);
			outputPaths = (
			);
			runOnlyForDeploymentPostprocessing = 0;
			shellPath = /bin/sh;
			shellScript = "export PATH=\"$PATH:/opt/homebrew/bin\"\nif which swiftlint > /dev/null; then\n  swiftlint\nelse\n  echo \"warning: SwiftLint not installed, download from https://github.com/realm/SwiftLint\"\nfi\n";
		};
/* End PBXShellScriptBuildPhase section */

/* Begin PBXSourcesBuildPhase section */
		E3B5306528BEA76F00F33E07 /* Sources */ = {
			isa = PBXSourcesBuildPhase;
			buildActionMask = 2147483647;
			files = (
				E35232D928C4A451008DB14B /* NavigationStore.swift in Sources */,
				E35232B628C28373008DB14B /* SegmentedControlView.swift in Sources */,
				E35232F728C4B87A008DB14B /* SegmentConfiguration.swift in Sources */,
				E35232D728C3BCEA008DB14B /* ImageMaskingView.swift in Sources */,
				E35232B828C2948D008DB14B /* EditView.swift in Sources */,
				E3B5306F28BEA76F00F33E07 /* ContentView.swift in Sources */,
				E35232DF28C4A691008DB14B /* GestureMaskShape.swift in Sources */,
				E35232DC28C4A4C6008DB14B /* Route.swift in Sources */,
				E35232F928C4BF23008DB14B /* Data+Extras.swift in Sources */,
				E35232FF28C4C0B3008DB14B /* CGContext+Extras.swift in Sources */,
				E35232F128C4B066008DB14B /* ImageState.swift in Sources */,
				E35232FB28C4BFB5008DB14B /* CGImage+Extras.swift in Sources */,
				E3B5306D28BEA76F00F33E07 /* ImageEraserApp.swift in Sources */,
				E35232E828C4AB7D008DB14B /* EditorStore.swift in Sources */,
				E35232BA28C376B7008DB14B /* ZoomableScrollView.swift in Sources */,
				E35232FD28C4C091008DB14B /* ImagePixelConstants.swift in Sources */,
				E35232EF28C4AF4D008DB14B /* PointsSegment_Array+Extras.swift in Sources */,
				E35232EC28C4ACBF008DB14B /* PointsSegment.swift in Sources */,
				E35232E228C4A81B008DB14B /* SplashscreenContentView.swift in Sources */,
			);
			runOnlyForDeploymentPostprocessing = 0;
		};
/* End PBXSourcesBuildPhase section */

/* Begin XCBuildConfiguration section */
		E3B5307528BEA77100F33E07 /* Debug */ = {
			isa = XCBuildConfiguration;
			buildSettings = {
				ALWAYS_SEARCH_USER_PATHS = NO;
				CLANG_ANALYZER_NONNULL = YES;
				CLANG_ANALYZER_NUMBER_OBJECT_CONVERSION = YES_AGGRESSIVE;
				CLANG_CXX_LANGUAGE_STANDARD = "gnu++20";
				CLANG_ENABLE_MODULES = YES;
				CLANG_ENABLE_OBJC_ARC = YES;
				CLANG_ENABLE_OBJC_WEAK = YES;
				CLANG_WARN_BLOCK_CAPTURE_AUTORELEASING = YES;
				CLANG_WARN_BOOL_CONVERSION = YES;
				CLANG_WARN_COMMA = YES;
				CLANG_WARN_CONSTANT_CONVERSION = YES;
				CLANG_WARN_DEPRECATED_OBJC_IMPLEMENTATIONS = YES;
				CLANG_WARN_DIRECT_OBJC_ISA_USAGE = YES_ERROR;
				CLANG_WARN_DOCUMENTATION_COMMENTS = YES;
				CLANG_WARN_EMPTY_BODY = YES;
				CLANG_WARN_ENUM_CONVERSION = YES;
				CLANG_WARN_INFINITE_RECURSION = YES;
				CLANG_WARN_INT_CONVERSION = YES;
				CLANG_WARN_NON_LITERAL_NULL_CONVERSION = YES;
				CLANG_WARN_OBJC_IMPLICIT_RETAIN_SELF = YES;
				CLANG_WARN_OBJC_LITERAL_CONVERSION = YES;
				CLANG_WARN_OBJC_ROOT_CLASS = YES_ERROR;
				CLANG_WARN_QUOTED_INCLUDE_IN_FRAMEWORK_HEADER = YES;
				CLANG_WARN_RANGE_LOOP_ANALYSIS = YES;
				CLANG_WARN_STRICT_PROTOTYPES = YES;
				CLANG_WARN_SUSPICIOUS_MOVE = YES;
				CLANG_WARN_UNGUARDED_AVAILABILITY = YES_AGGRESSIVE;
				CLANG_WARN_UNREACHABLE_CODE = YES;
				CLANG_WARN__DUPLICATE_METHOD_MATCH = YES;
				COPY_PHASE_STRIP = NO;
				DEBUG_INFORMATION_FORMAT = dwarf;
				ENABLE_STRICT_OBJC_MSGSEND = YES;
				ENABLE_TESTABILITY = YES;
				GCC_C_LANGUAGE_STANDARD = gnu11;
				GCC_DYNAMIC_NO_PIC = NO;
				GCC_NO_COMMON_BLOCKS = YES;
				GCC_OPTIMIZATION_LEVEL = 0;
				GCC_PREPROCESSOR_DEFINITIONS = (
					"DEBUG=1",
					"$(inherited)",
				);
				GCC_WARN_64_TO_32_BIT_CONVERSION = YES;
				GCC_WARN_ABOUT_RETURN_TYPE = YES_ERROR;
				GCC_WARN_UNDECLARED_SELECTOR = YES;
				GCC_WARN_UNINITIALIZED_AUTOS = YES_AGGRESSIVE;
				GCC_WARN_UNUSED_FUNCTION = YES;
				GCC_WARN_UNUSED_VARIABLE = YES;
				IPHONEOS_DEPLOYMENT_TARGET = 16.0;
				MTL_ENABLE_DEBUG_INFO = INCLUDE_SOURCE;
				MTL_FAST_MATH = YES;
				ONLY_ACTIVE_ARCH = YES;
				SDKROOT = iphoneos;
				SWIFT_ACTIVE_COMPILATION_CONDITIONS = DEBUG;
				SWIFT_OPTIMIZATION_LEVEL = "-Onone";
			};
			name = Debug;
		};
		E3B5307628BEA77100F33E07 /* Release */ = {
			isa = XCBuildConfiguration;
			buildSettings = {
				ALWAYS_SEARCH_USER_PATHS = NO;
				CLANG_ANALYZER_NONNULL = YES;
				CLANG_ANALYZER_NUMBER_OBJECT_CONVERSION = YES_AGGRESSIVE;
				CLANG_CXX_LANGUAGE_STANDARD = "gnu++20";
				CLANG_ENABLE_MODULES = YES;
				CLANG_ENABLE_OBJC_ARC = YES;
				CLANG_ENABLE_OBJC_WEAK = YES;
				CLANG_WARN_BLOCK_CAPTURE_AUTORELEASING = YES;
				CLANG_WARN_BOOL_CONVERSION = YES;
				CLANG_WARN_COMMA = YES;
				CLANG_WARN_CONSTANT_CONVERSION = YES;
				CLANG_WARN_DEPRECATED_OBJC_IMPLEMENTATIONS = YES;
				CLANG_WARN_DIRECT_OBJC_ISA_USAGE = YES_ERROR;
				CLANG_WARN_DOCUMENTATION_COMMENTS = YES;
				CLANG_WARN_EMPTY_BODY = YES;
				CLANG_WARN_ENUM_CONVERSION = YES;
				CLANG_WARN_INFINITE_RECURSION = YES;
				CLANG_WARN_INT_CONVERSION = YES;
				CLANG_WARN_NON_LITERAL_NULL_CONVERSION = YES;
				CLANG_WARN_OBJC_IMPLICIT_RETAIN_SELF = YES;
				CLANG_WARN_OBJC_LITERAL_CONVERSION = YES;
				CLANG_WARN_OBJC_ROOT_CLASS = YES_ERROR;
				CLANG_WARN_QUOTED_INCLUDE_IN_FRAMEWORK_HEADER = YES;
				CLANG_WARN_RANGE_LOOP_ANALYSIS = YES;
				CLANG_WARN_STRICT_PROTOTYPES = YES;
				CLANG_WARN_SUSPICIOUS_MOVE = YES;
				CLANG_WARN_UNGUARDED_AVAILABILITY = YES_AGGRESSIVE;
				CLANG_WARN_UNREACHABLE_CODE = YES;
				CLANG_WARN__DUPLICATE_METHOD_MATCH = YES;
				COPY_PHASE_STRIP = NO;
				DEBUG_INFORMATION_FORMAT = "dwarf-with-dsym";
				ENABLE_NS_ASSERTIONS = NO;
				ENABLE_STRICT_OBJC_MSGSEND = YES;
				GCC_C_LANGUAGE_STANDARD = gnu11;
				GCC_NO_COMMON_BLOCKS = YES;
				GCC_WARN_64_TO_32_BIT_CONVERSION = YES;
				GCC_WARN_ABOUT_RETURN_TYPE = YES_ERROR;
				GCC_WARN_UNDECLARED_SELECTOR = YES;
				GCC_WARN_UNINITIALIZED_AUTOS = YES_AGGRESSIVE;
				GCC_WARN_UNUSED_FUNCTION = YES;
				GCC_WARN_UNUSED_VARIABLE = YES;
				IPHONEOS_DEPLOYMENT_TARGET = 16.0;
				MTL_ENABLE_DEBUG_INFO = NO;
				MTL_FAST_MATH = YES;
				SDKROOT = iphoneos;
				SWIFT_COMPILATION_MODE = wholemodule;
				SWIFT_OPTIMIZATION_LEVEL = "-O";
				VALIDATE_PRODUCT = YES;
			};
			name = Release;
		};
		E3B5307828BEA77100F33E07 /* Debug */ = {
			isa = XCBuildConfiguration;
			buildSettings = {
				ASSETCATALOG_COMPILER_APPICON_NAME = AppIcon;
				ASSETCATALOG_COMPILER_GLOBAL_ACCENT_COLOR_NAME = AccentColor;
				CODE_SIGN_STYLE = Automatic;
				CURRENT_PROJECT_VERSION = 1;
				DEVELOPMENT_ASSET_PATHS = "\"ImageEraser/Preview Content\"";
				DEVELOPMENT_TEAM = NB2A9G75QV;
				ENABLE_PREVIEWS = YES;
				GENERATE_INFOPLIST_FILE = YES;
				INFOPLIST_KEY_UIApplicationSceneManifest_Generation = YES;
				INFOPLIST_KEY_UIApplicationSupportsIndirectInputEvents = YES;
				INFOPLIST_KEY_UILaunchScreen_Generation = YES;
				INFOPLIST_KEY_UISupportedInterfaceOrientations_iPad = "UIInterfaceOrientationPortrait UIInterfaceOrientationPortraitUpsideDown UIInterfaceOrientationLandscapeLeft UIInterfaceOrientationLandscapeRight";
				INFOPLIST_KEY_UISupportedInterfaceOrientations_iPhone = "UIInterfaceOrientationPortrait UIInterfaceOrientationLandscapeLeft UIInterfaceOrientationLandscapeRight";
				LD_RUNPATH_SEARCH_PATHS = (
					"$(inherited)",
					"@executable_path/Frameworks",
				);
				MARKETING_VERSION = 1.0;
				PRODUCT_BUNDLE_IDENTIFIER = com.chriswhite.ImageEraser;
				PRODUCT_NAME = "$(TARGET_NAME)";
				SWIFT_EMIT_LOC_STRINGS = YES;
				SWIFT_VERSION = 5.0;
				TARGETED_DEVICE_FAMILY = "1,2";
			};
			name = Debug;
		};
		E3B5307928BEA77100F33E07 /* Release */ = {
			isa = XCBuildConfiguration;
			buildSettings = {
				ASSETCATALOG_COMPILER_APPICON_NAME = AppIcon;
				ASSETCATALOG_COMPILER_GLOBAL_ACCENT_COLOR_NAME = AccentColor;
				CODE_SIGN_STYLE = Automatic;
				CURRENT_PROJECT_VERSION = 1;
				DEVELOPMENT_ASSET_PATHS = "\"ImageEraser/Preview Content\"";
				DEVELOPMENT_TEAM = NB2A9G75QV;
				ENABLE_PREVIEWS = YES;
				GENERATE_INFOPLIST_FILE = YES;
				INFOPLIST_KEY_UIApplicationSceneManifest_Generation = YES;
				INFOPLIST_KEY_UIApplicationSupportsIndirectInputEvents = YES;
				INFOPLIST_KEY_UILaunchScreen_Generation = YES;
				INFOPLIST_KEY_UISupportedInterfaceOrientations_iPad = "UIInterfaceOrientationPortrait UIInterfaceOrientationPortraitUpsideDown UIInterfaceOrientationLandscapeLeft UIInterfaceOrientationLandscapeRight";
				INFOPLIST_KEY_UISupportedInterfaceOrientations_iPhone = "UIInterfaceOrientationPortrait UIInterfaceOrientationLandscapeLeft UIInterfaceOrientationLandscapeRight";
				LD_RUNPATH_SEARCH_PATHS = (
					"$(inherited)",
					"@executable_path/Frameworks",
				);
				MARKETING_VERSION = 1.0;
				PRODUCT_BUNDLE_IDENTIFIER = com.chriswhite.ImageEraser;
				PRODUCT_NAME = "$(TARGET_NAME)";
				SWIFT_EMIT_LOC_STRINGS = YES;
				SWIFT_VERSION = 5.0;
				TARGETED_DEVICE_FAMILY = "1,2";
			};
			name = Release;
		};
/* End XCBuildConfiguration section */

/* Begin XCConfigurationList section */
		E3B5306428BEA76F00F33E07 /* Build configuration list for PBXProject "ImageEraser" */ = {
			isa = XCConfigurationList;
			buildConfigurations = (
				E3B5307528BEA77100F33E07 /* Debug */,
				E3B5307628BEA77100F33E07 /* Release */,
			);
			defaultConfigurationIsVisible = 0;
			defaultConfigurationName = Release;
		};
		E3B5307728BEA77100F33E07 /* Build configuration list for PBXNativeTarget "ImageEraser" */ = {
			isa = XCConfigurationList;
			buildConfigurations = (
				E3B5307828BEA77100F33E07 /* Debug */,
				E3B5307928BEA77100F33E07 /* Release */,
			);
			defaultConfigurationIsVisible = 0;
			defaultConfigurationName = Release;
		};
/* End XCConfigurationList section */

/* Begin XCRemoteSwiftPackageReference section */
		E35232C528C3974C008DB14B /* XCRemoteSwiftPackageReference "firebase-ios-sdk" */ = {
			isa = XCRemoteSwiftPackageReference;
			repositoryURL = "https://github.com/firebase/firebase-ios-sdk";
			requirement = {
				kind = upToNextMajorVersion;
				minimumVersion = 9.0.0;
			};
		};
		E3B5307A28BEAAE200F33E07 /* XCRemoteSwiftPackageReference "rive-ios" */ = {
			isa = XCRemoteSwiftPackageReference;
			repositoryURL = "https://github.com/rive-app/rive-ios.git";
			requirement = {
				branch = main;
				kind = branch;
			};
		};
/* End XCRemoteSwiftPackageReference section */

/* Begin XCSwiftPackageProductDependency section */
		E35232C628C3974C008DB14B /* FirebaseAnalyticsSwift */ = {
			isa = XCSwiftPackageProductDependency;
			package = E35232C528C3974C008DB14B /* XCRemoteSwiftPackageReference "firebase-ios-sdk" */;
			productName = FirebaseAnalyticsSwift;
		};
		E35232C828C3974C008DB14B /* FirebaseAppCheck */ = {
			isa = XCSwiftPackageProductDependency;
			package = E35232C528C3974C008DB14B /* XCRemoteSwiftPackageReference "firebase-ios-sdk" */;
			productName = FirebaseAppCheck;
		};
		E35232CA28C3974C008DB14B /* FirebaseAppDistribution-Beta */ = {
			isa = XCSwiftPackageProductDependency;
			package = E35232C528C3974C008DB14B /* XCRemoteSwiftPackageReference "firebase-ios-sdk" */;
			productName = "FirebaseAppDistribution-Beta";
		};
		E35232CC28C3974C008DB14B /* FirebaseAuth */ = {
			isa = XCSwiftPackageProductDependency;
			package = E35232C528C3974C008DB14B /* XCRemoteSwiftPackageReference "firebase-ios-sdk" */;
			productName = FirebaseAuth;
		};
		E35232CE28C3974C008DB14B /* FirebaseAuthCombine-Community */ = {
			isa = XCSwiftPackageProductDependency;
			package = E35232C528C3974C008DB14B /* XCRemoteSwiftPackageReference "firebase-ios-sdk" */;
			productName = "FirebaseAuthCombine-Community";
		};
		E35232D028C3974C008DB14B /* FirebaseCrashlytics */ = {
			isa = XCSwiftPackageProductDependency;
			package = E35232C528C3974C008DB14B /* XCRemoteSwiftPackageReference "firebase-ios-sdk" */;
			productName = FirebaseCrashlytics;
		};
		E35232D228C3974C008DB14B /* FirebasePerformance */ = {
			isa = XCSwiftPackageProductDependency;
			package = E35232C528C3974C008DB14B /* XCRemoteSwiftPackageReference "firebase-ios-sdk" */;
			productName = FirebasePerformance;
		};
		E3B5307B28BEAAE200F33E07 /* RiveRuntime */ = {
			isa = XCSwiftPackageProductDependency;
			package = E3B5307A28BEAAE200F33E07 /* XCRemoteSwiftPackageReference "rive-ios" */;
			productName = RiveRuntime;
		};
/* End XCSwiftPackageProductDependency section */
	};
	rootObject = E3B5306128BEA76F00F33E07 /* Project object */;
}
